
Microsoft Visual Studio Solution File, Format Version 11.00
# Visual Studio 2010
Project("{8BC9CEB8-8B4A-11D0-8D11-00A0C91BC942}") = "M2Host", "M2Host\M2Host.vcxproj", "{EB8F935B-3A5B-4022-B883-6211CE5C6C22}"
EndProject
Project("{8BC9CEB8-8B4A-11D0-8D11-00A0C91BC942}") = "CamClient", "CamClient\CamClient.vcxproj", "{F4E7A46E-0DFC-47CE-86CD-05F31571693F}"
EndProject
Project("{8BC9CEB8-8B4A-11D0-8D11-00A0C91BC942}") = "libVideoInput", "Framework\libVideoInput\libVideoInput.vcxproj", "{F0B55C60-9485-43E1-87E2-EDE6A73CCEEF}"
EndProject
Project("{8BC9CEB8-8B4A-11D0-8D11-00A0C91BC942}") = "libLogConfigTime", "Framework\libLogConfigTime\libLogConfigTime.vcxproj", "{8927A516-DE0F-4550-AE3F-14876252F716}"
EndProject
Project("{8BC9CEB8-8B4A-11D0-8D11-00A0C91BC942}") = "libCommunication", "Framework\libCommunication\libCommunication.vcxproj", "{9E89C9BD-92D5-46A6-B7AB-B59A0DDFB391}"
EndProject
Project("{8BC9CEB8-8B4A-11D0-8D11-00A0C91BC942}") = "libTwoColorCircleMarker", "ImageProcessing\libTwoColorCircleMarker\libTwoColorCircleMarker.vcxproj", "{E9E73514-1E7D-4EA4-9FE7-FE83F887D38C}"
EndProject
Project("{8BC9CEB8-8B4A-11D0-8D11-00A0C91BC942}") = "lib3dWorld", "Tracking\lib3dWorld\lib3dWorld.vcxproj", "{F0B1D97E-EC76-4EB1-8421-F73CF5881A69}"
EndProject
Global
	GlobalSection(SolutionConfigurationPlatforms) = preSolution
		Debug|Win32 = Debug|Win32
		Release|Win32 = Release|Win32
	EndGlobalSection
	GlobalSection(ProjectConfigurationPlatforms) = postSolution
		{EB8F935B-3A5B-4022-B883-6211CE5C6C22}.Debug|Win32.ActiveCfg = Debug|Win32
		{EB8F935B-3A5B-4022-B883-6211CE5C6C22}.Debug|Win32.Build.0 = Debug|Win32
		{EB8F935B-3A5B-4022-B883-6211CE5C6C22}.Release|Win32.ActiveCfg = Release|Win32
		{EB8F935B-3A5B-4022-B883-6211CE5C6C22}.Release|Win32.Build.0 = Release|Win32
		{F4E7A46E-0DFC-47CE-86CD-05F31571693F}.Debug|Win32.ActiveCfg = Debug|Win32
		{F4E7A46E-0DFC-47CE-86CD-05F31571693F}.Debug|Win32.Build.0 = Debug|Win32
		{F4E7A46E-0DFC-47CE-86CD-05F31571693F}.Release|Win32.ActiveCfg = Release|Win32
		{F4E7A46E-0DFC-47CE-86CD-05F31571693F}.Release|Win32.Build.0 = Release|Win32
		{F0B55C60-9485-43E1-87E2-EDE6A73CCEEF}.Debug|Win32.ActiveCfg = Debug|Win32
		{F0B55C60-9485-43E1-87E2-EDE6A73CCEEF}.Debug|Win32.Build.0 = Debug|Win32
		{F0B55C60-9485-43E1-87E2-EDE6A73CCEEF}.Release|Win32.ActiveCfg = Release|Win32
		{F0B55C60-9485-43E1-87E2-EDE6A73CCEEF}.Release|Win32.Build.0 = Release|Win32
		{8927A516-DE0F-4550-AE3F-14876252F716}.Debug|Win32.ActiveCfg = Debug|Win32
		{8927A516-DE0F-4550-AE3F-14876252F716}.Debug|Win32.Build.0 = Debug|Win32
		{8927A516-DE0F-4550-AE3F-14876252F716}.Release|Win32.ActiveCfg = Release|Win32
		{8927A516-DE0F-4550-AE3F-14876252F716}.Release|Win32.Build.0 = Release|Win32
		{9E89C9BD-92D5-46A6-B7AB-B59A0DDFB391}.Debug|Win32.ActiveCfg = Debug|Win32
		{9E89C9BD-92D5-46A6-B7AB-B59A0DDFB391}.Debug|Win32.Build.0 = Debug|Win32
		{9E89C9BD-92D5-46A6-B7AB-B59A0DDFB391}.Release|Win32.ActiveCfg = Release|Win32
		{9E89C9BD-92D5-46A6-B7AB-B59A0DDFB391}.Release|Win32.Build.0 = Release|Win32
		{E9E73514-1E7D-4EA4-9FE7-FE83F887D38C}.Debug|Win32.ActiveCfg = Debug|Win32
		{E9E73514-1E7D-4EA4-9FE7-FE83F887D38C}.Debug|Win32.Build.0 = Debug|Win32
		{E9E73514-1E7D-4EA4-9FE7-FE83F887D38C}.Release|Win32.ActiveCfg = Release|Win32
		{E9E73514-1E7D-4EA4-9FE7-FE83F887D38C}.Release|Win32.Build.0 = Release|Win32
		{F0B1D97E-EC76-4EB1-8421-F73CF5881A69}.Debug|Win32.ActiveCfg = Debug|Win32
		{F0B1D97E-EC76-4EB1-8421-F73CF5881A69}.Debug|Win32.Build.0 = Debug|Win32
		{F0B1D97E-EC76-4EB1-8421-F73CF5881A69}.Release|Win32.ActiveCfg = Release|Win32
		{F0B1D97E-EC76-4EB1-8421-F73CF5881A69}.Release|Win32.Build.0 = Release|Win32
	EndGlobalSection
	GlobalSection(SolutionProperties) = preSolution
		HideSolutionNode = FALSE
	EndGlobalSection
EndGlobal
